PODS:
  - Google-Mobile-Ads-SDK (11.2.0):
    - GoogleUserMessagingPlatform (>= 1.1)
  - GoogleAdapter (0.0.62):
    - Google-Mobile-Ads-SDK (= 11.2.0)
    - MSPSharedLibraries (= 0.0.61)
  - GoogleUserMessagingPlatform (2.6.0)
  - MSPCore (0.0.62):
    - MSPSharedLibraries (= 0.0.61)
    - PrebidAdapter (= 0.0.61)
    - SwiftProtobuf (= 1.21.0)
  - MSPSharedLibraries (0.0.61)
  - NovaAdapter (0.0.62):
    - MSPSharedLibraries (= 0.0.61)
  - PrebidAdapter (0.0.61):
    - MSPSharedLibraries (= 0.0.61)
  - SwiftProtobuf (1.21.0)

DEPENDENCIES:
  - GoogleAdapter (= 0.0.62)
  - MSPCore (= 0.0.62)
  - NovaAdapter (= 0.0.62)

SPEC REPOS:
  trunk:
    - Google-Mobile-Ads-SDK
    - GoogleAdapter
    - GoogleUserMessagingPlatform
    - MSPCore
    - MSPSharedLibraries
    - NovaAdapter
    - PrebidAdapter
    - SwiftProtobuf

SPEC CHECKSUMS:
  Google-Mobile-Ads-SDK: 5a6d005a6cb5b5e8f4c7b69ca05cdea79c181139
  GoogleAdapter: eecd74d31fe5ff9f68c96916d9a90782b5c85316
  GoogleUserMessagingPlatform: 0c3a08353e53ce8c2feab7addd0b652cde522450
  MSPCore: 7a82bda1d5d42cdeced1bf4de29db5455b50199f
  MSPSharedLibraries: a1f34f4c0078330a25b46871118bee538fed8219
  NovaAdapter: e67eaf196cd862d45446e719c0dee2313f7097df
  PrebidAdapter: 50ba78bc8d8d7e009a2217b0ae8c35859cd5777b
  SwiftProtobuf: afced68785854575756db965e9da52bbf3dc45e7

PODFILE CHECKSUM: 570f672626570590081a66388e1c27eea3fe0286

COCOAPODS: 1.15.2
