PODS:
  - FBAudienceNetwork (6.21.1)
  - Google-Mobile-Ads-SDK (12.14.0):
    - GoogleUserMessagingPlatform (>= 1.1)
  - GoogleUserMessagingPlatform (3.1.0)
  - MSPCore (3.5.2):
    - MSPPrebidAdapter (= 3.5.2)
    - MSPSharedLibraries (= 3.5.2)
    - SwiftProtobuf
  - MSPFacebookAdapter (3.5.2):
    - FBAudienceNetwork (~> 6.15)
    - MSPiOSCore (= 3.5.2)
    - MSPSharedLibraries (= 3.5.2)
  - MSPGoogleAdapter (3.5.2):
    - Google-Mobile-Ads-SDK (~> 12.0)
    - MSPGoogleAdsTypes (= 3.5.2)
    - MSPiOSCore (= 3.5.2)
    - MSPSharedLibraries (= 3.5.2)
  - MSPGoogleAdsTypes (3.5.2):
    - Google-Mobile-Ads-SDK (~> 12.0)
  - MSPiOSCore (3.5.2)
  - MSPNovaAdapter (3.5.2):
    - MSPiOSCore (= 3.5.2)
    - MSPSharedLibraries (= 3.5.2)
  - MSPPrebidAdapter (3.5.2):
    - MSPiOSCore (= 3.5.2)
    - MSPSharedLibraries (= 3.5.2)
  - MSPSharedLibraries (3.5.2):
    - MSPiOSCore (= 3.5.2)
  - SwiftProtobuf (1.30.0)

DEPENDENCIES:
  - MSPCore (= 3.5.2)
  - MSPFacebookAdapter (= 3.5.2)
  - MSPGoogleAdapter (= 3.5.2)
  - MSPNovaAdapter (= 3.5.2)
  - SwiftProtobuf (= 1.30.0)

SPEC REPOS:
  trunk:
    - FBAudienceNetwork
    - Google-Mobile-Ads-SDK
    - GoogleUserMessagingPlatform
    - MSPCore
    - MSPFacebookAdapter
    - MSPGoogleAdapter
    - MSPGoogleAdsTypes
    - MSPiOSCore
    - MSPNovaAdapter
    - MSPPrebidAdapter
    - MSPSharedLibraries
    - SwiftProtobuf

SPEC CHECKSUMS:
  FBAudienceNetwork: 85d18a65c9e35bc426bd4664cf3ae2a1172d7b60
  Google-Mobile-Ads-SDK: 4534fd2dfcd3f705c5485a6633c5188d03d4eed2
  GoogleUserMessagingPlatform: befe603da6501006420c206222acd449bba45a9c
  MSPCore: 1ae4d72d234999d65aed5849d8f8ed1f4989c456
  MSPFacebookAdapter: da98679027cd4529c14422e70a670d63a4174821
  MSPGoogleAdapter: 5c8b2753aa5cfa4d080a077c59d2124f8dac31b6
  MSPGoogleAdsTypes: b76b493f2b03dacb4bfcc9a2ebfebfe9e425d3dc
  MSPiOSCore: 1b2ef66f5aadece2d608001876c74cf5c79dd391
  MSPNovaAdapter: 0d07de22766136477e1966bf553a5da2f192ea6d
  MSPPrebidAdapter: 9ae6cfacad71db9855b5fb0fe0f5d662f7acfc73
  MSPSharedLibraries: 951f720a5ae0a44f323daa4f9e1203ca84b902ce
  SwiftProtobuf: 3697407f0d5b23bedeba9c2eaaf3ec6fdff69349

PODFILE CHECKSUM: d22e2993bed84bb5e4ec7ad9346a98d73e86cb55

COCOAPODS: 1.16.2
