PODS:
  - FBAudienceNetwork (6.21.1)
  - Google-Mobile-Ads-SDK (12.14.0):
    - GoogleUserMessagingPlatform (>= 1.1)
  - GoogleUserMessagingPlatform (3.1.0)
  - MSPCore (3.5.1):
    - MSPPrebidAdapter (= 3.5.1)
    - MSPSharedLibraries (= 3.5.1)
    - SwiftProtobuf
  - MSPFacebookAdapter (3.5.1):
    - FBAudienceNetwork (~> 6.15)
    - MSPiOSCore (= 3.5.1)
    - MSPSharedLibraries (= 3.5.1)
  - MSPGoogleAdapter (3.5.1):
    - Google-Mobile-Ads-SDK (~> 12.0)
    - MSPGoogleAdsTypes (= 3.5.1)
    - MSPiOSCore (= 3.5.1)
    - MSPSharedLibraries (= 3.5.1)
  - MSPGoogleAdsTypes (3.5.1):
    - Google-Mobile-Ads-SDK (~> 12.0)
  - MSPiOSCore (3.5.1)
  - MSPNovaAdapter (3.5.1):
    - MSPiOSCore (= 3.5.1)
    - MSPSharedLibraries (= 3.5.1)
  - MSPPrebidAdapter (3.5.1):
    - MSPiOSCore (= 3.5.1)
    - MSPSharedLibraries (= 3.5.1)
  - MSPSharedLibraries (3.5.1):
    - MSPiOSCore (= 3.5.1)
  - SwiftProtobuf (1.30.0)

DEPENDENCIES:
  - MSPCore (= 3.5.1)
  - MSPFacebookAdapter (= 3.5.1)
  - MSPGoogleAdapter (= 3.5.1)
  - MSPNovaAdapter (= 3.5.1)
  - SwiftProtobuf (= 1.30.0)

SPEC REPOS:
  trunk:
    - FBAudienceNetwork
    - Google-Mobile-Ads-SDK
    - GoogleUserMessagingPlatform
    - MSPCore
    - MSPFacebookAdapter
    - MSPGoogleAdapter
    - MSPGoogleAdsTypes
    - MSPiOSCore
    - MSPNovaAdapter
    - MSPPrebidAdapter
    - MSPSharedLibraries
    - SwiftProtobuf

SPEC CHECKSUMS:
  FBAudienceNetwork: 85d18a65c9e35bc426bd4664cf3ae2a1172d7b60
  Google-Mobile-Ads-SDK: 4534fd2dfcd3f705c5485a6633c5188d03d4eed2
  GoogleUserMessagingPlatform: befe603da6501006420c206222acd449bba45a9c
  MSPCore: 7cbe6760229b2ce408fc55eb8df887a16d8b2259
  MSPFacebookAdapter: 0cdc2fda08a3894b4c62bc42eff148d9390d66ea
  MSPGoogleAdapter: 20c3de76df227fae4ee695d88956019a572b0767
  MSPGoogleAdsTypes: 4d22cab5db7a407cd6a0201e4a48bead5b8ee160
  MSPiOSCore: 803f0abe885893be07ece7ef75e44308f2217b32
  MSPNovaAdapter: e9c955ecb69242ed4a7c1435d0238be69f65804c
  MSPPrebidAdapter: a80256842f1745b38dcbe9193e99ddd7cd2e9185
  MSPSharedLibraries: ba5f85067d8e79d67db7f5e69583f5f5f2c47047
  SwiftProtobuf: 3697407f0d5b23bedeba9c2eaaf3ec6fdff69349

PODFILE CHECKSUM: fe2aae7cb9a394dd1d0150c8b4d16f78351bbb5a

COCOAPODS: 1.16.2
